
Microsoft Visual Studio Solution File, Format Version 12.00
# Visual Studio Version 17
VisualStudioVersion = 17.9.34728.123
MinimumVisualStudioVersion = 10.0.40219.1
Project("{FAE04EC0-301F-11D3-BF4B-00C04F79EFBC}") = "CodigoClase20", "CodigoClase20\CodigoClase20.csproj", "{D6E9738F-4CC0-447A-B9BE-48B3E68C57C1}"
EndProject
Global
	GlobalSection(SolutionConfigurationPlatforms) = preSolution
		Debug|Any CPU = Debug|Any CPU
		Release|Any CPU = Release|Any CPU
	EndGlobalSection
	GlobalSection(ProjectConfigurationPlatforms) = postSolution
		{D6E9738F-4CC0-447A-B9BE-48B3E68C57C1}.Debug|Any CPU.ActiveCfg = Debug|Any CPU
		{D6E9738F-4CC0-447A-B9BE-48B3E68C57C1}.Debug|Any CPU.Build.0 = Debug|Any CPU
		{D6E9738F-4CC0-447A-B9BE-48B3E68C57C1}.Release|Any CPU.ActiveCfg = Release|Any CPU
		{D6E9738F-4CC0-447A-B9BE-48B3E68C57C1}.Release|Any CPU.Build.0 = Release|Any CPU
	EndGlobalSection
	GlobalSection(SolutionProperties) = preSolution
		HideSolutionNode = FALSE
	EndGlobalSection
	GlobalSection(ExtensibilityGlobals) = postSolution
		SolutionGuid = {CE28247B-8DD5-46D2-A8F5-800EB655DB6A}
	EndGlobalSection
EndGlobal
